
Microsoft Visual Studio Solution File, Format Version 12.00
# Visual Studio 2015
Project("{FAE04EC0-301F-11D3-BF4B-00C04F79EFBC}") = "Omnitoo.Plugins", "Omnitoo.Plugins.csproj", "{57CBE9AE-111C-5720-6571-72A0CA782051}"
EndProject
Project("{FAE04EC0-301F-11D3-BF4B-00C04F79EFBC}") = "Omnitoo", "Omnitoo.csproj", "{E4509BBA-2773-722A-7CF3-F6D35DA83A8A}"
EndProject
Project("{FAE04EC0-301F-11D3-BF4B-00C04F79EFBC}") = "Omnitoo.Editor", "Omnitoo.Editor.csproj", "{605C730F-86ED-7C56-EA3C-713E16A64457}"
EndProject
Global
	GlobalSection(SolutionConfigurationPlatforms) = preSolution
		Debug|Any CPU = Debug|Any CPU
		Release|Any CPU = Release|Any CPU
	EndGlobalSection
	GlobalSection(ProjectConfigurationPlatforms) = postSolution
		{57CBE9AE-111C-5720-6571-72A0CA782051}.Debug|Any CPU.ActiveCfg = Debug|Any CPU
		{57CBE9AE-111C-5720-6571-72A0CA782051}.Debug|Any CPU.Build.0 = Debug|Any CPU
		{57CBE9AE-111C-5720-6571-72A0CA782051}.Release|Any CPU.ActiveCfg = Release|Any CPU
		{57CBE9AE-111C-5720-6571-72A0CA782051}.Release|Any CPU.Build.0 = Release|Any CPU
		{E4509BBA-2773-722A-7CF3-F6D35DA83A8A}.Debug|Any CPU.ActiveCfg = Debug|Any CPU
		{E4509BBA-2773-722A-7CF3-F6D35DA83A8A}.Debug|Any CPU.Build.0 = Debug|Any CPU
		{E4509BBA-2773-722A-7CF3-F6D35DA83A8A}.Release|Any CPU.ActiveCfg = Release|Any CPU
		{E4509BBA-2773-722A-7CF3-F6D35DA83A8A}.Release|Any CPU.Build.0 = Release|Any CPU
		{605C730F-86ED-7C56-EA3C-713E16A64457}.Debug|Any CPU.ActiveCfg = Debug|Any CPU
		{605C730F-86ED-7C56-EA3C-713E16A64457}.Debug|Any CPU.Build.0 = Debug|Any CPU
		{605C730F-86ED-7C56-EA3C-713E16A64457}.Release|Any CPU.ActiveCfg = Release|Any CPU
		{605C730F-86ED-7C56-EA3C-713E16A64457}.Release|Any CPU.Build.0 = Release|Any CPU
	EndGlobalSection
	GlobalSection(SolutionProperties) = preSolution
		HideSolutionNode = FALSE
	EndGlobalSection
EndGlobal
