Microsoft Visual Studio Solution File, Format Version 11.00
# Visual Studio 2008

Project("{0CF6877D-1837-0CEB-195A-E5C173900113}") = "Omnitoo", "Assembly-CSharp-firstpass.csproj", "{1D936500-DD5B-A442-EBB8-94BDFF68A15F}"
EndProject
Project("{0CF6877D-1837-0CEB-195A-E5C173900113}") = "Omnitoo", "Assembly-CSharp.csproj", "{106A6145-C644-40FB-0514-26FF45FD0FE4}"
EndProject
Project("{0CF6877D-1837-0CEB-195A-E5C173900113}") = "Omnitoo", "Assembly-CSharp-Editor.csproj", "{33850878-91CB-1A89-D53A-BE38A7ABB518}"
EndProject
Global
	GlobalSection(SolutionConfigurationPlatforms) = preSolution
		Debug|Any CPU = Debug|Any CPU
		Release|Any CPU = Release|Any CPU
	EndGlobalSection
	GlobalSection(ProjectConfigurationPlatforms) = postSolution
		{1D936500-DD5B-A442-EBB8-94BDFF68A15F}.Debug|Any CPU.ActiveCfg = Debug|Any CPU
		{1D936500-DD5B-A442-EBB8-94BDFF68A15F}.Debug|Any CPU.Build.0 = Debug|Any CPU
		{1D936500-DD5B-A442-EBB8-94BDFF68A15F}.Release|Any CPU.ActiveCfg = Release|Any CPU
		{1D936500-DD5B-A442-EBB8-94BDFF68A15F}.Release|Any CPU.Build.0 = Release|Any CPU
		{106A6145-C644-40FB-0514-26FF45FD0FE4}.Debug|Any CPU.ActiveCfg = Debug|Any CPU
		{106A6145-C644-40FB-0514-26FF45FD0FE4}.Debug|Any CPU.Build.0 = Debug|Any CPU
		{106A6145-C644-40FB-0514-26FF45FD0FE4}.Release|Any CPU.ActiveCfg = Release|Any CPU
		{106A6145-C644-40FB-0514-26FF45FD0FE4}.Release|Any CPU.Build.0 = Release|Any CPU
		{33850878-91CB-1A89-D53A-BE38A7ABB518}.Debug|Any CPU.ActiveCfg = Debug|Any CPU
		{33850878-91CB-1A89-D53A-BE38A7ABB518}.Debug|Any CPU.Build.0 = Debug|Any CPU
		{33850878-91CB-1A89-D53A-BE38A7ABB518}.Release|Any CPU.ActiveCfg = Release|Any CPU
		{33850878-91CB-1A89-D53A-BE38A7ABB518}.Release|Any CPU.Build.0 = Release|Any CPU
	EndGlobalSection
	GlobalSection(SolutionProperties) = preSolution
		HideSolutionNode = FALSE
	EndGlobalSection
	GlobalSection(MonoDevelopProperties) = preSolution
		StartupItem = Assembly-CSharp.csproj
	EndGlobalSection
EndGlobal
